
Microsoft Visual Studio Solution File, Format Version 12.00
# Visual Studio Version 16
VisualStudioVersion = 16.0.30114.105
MinimumVisualStudioVersion = 10.0.40219.1
Project("{FAE04EC0-301F-11D3-BF4B-00C04F79EFBC}") = "OurHistoryCalender.Android", "OurHistoryCalender\OurHistoryCalender.Android\OurHistoryCalender.Android.csproj", "{3E45E995-12D6-417F-B71A-CD81DAC9F02B}"
EndProject
Project("{FAE04EC0-301F-11D3-BF4B-00C04F79EFBC}") = "OurHistoryCalender.iOS", "OurHistoryCalender\OurHistoryCalender.iOS\OurHistoryCalender.iOS.csproj", "{1C92CBB1-3E06-4584-9EEC-48CE6984CFC1}"
EndProject
Project("{FAE04EC0-301F-11D3-BF4B-00C04F79EFBC}") = "OurHistoryCalender", "OurHistoryCalender\OurHistoryCalender\OurHistoryCalender.csproj", "{B1545C71-1C24-44E8-9A64-34A24EBE4C0C}"
EndProject
Global
	GlobalSection(SolutionConfigurationPlatforms) = preSolution
		Debug|Any CPU = Debug|Any CPU
		Debug|iPhone = Debug|iPhone
		Debug|iPhoneSimulator = Debug|iPhoneSimulator
		Release|Any CPU = Release|Any CPU
		Release|iPhone = Release|iPhone
		Release|iPhoneSimulator = Release|iPhoneSimulator
	EndGlobalSection
	GlobalSection(ProjectConfigurationPlatforms) = postSolution
		{3E45E995-12D6-417F-B71A-CD81DAC9F02B}.Debug|Any CPU.ActiveCfg = Debug|Any CPU
		{3E45E995-12D6-417F-B71A-CD81DAC9F02B}.Debug|Any CPU.Build.0 = Debug|Any CPU
		{3E45E995-12D6-417F-B71A-CD81DAC9F02B}.Debug|Any CPU.Deploy.0 = Debug|Any CPU
		{3E45E995-12D6-417F-B71A-CD81DAC9F02B}.Debug|iPhone.ActiveCfg = Debug|Any CPU
		{3E45E995-12D6-417F-B71A-CD81DAC9F02B}.Debug|iPhone.Build.0 = Debug|Any CPU
		{3E45E995-12D6-417F-B71A-CD81DAC9F02B}.Debug|iPhone.Deploy.0 = Debug|Any CPU
		{3E45E995-12D6-417F-B71A-CD81DAC9F02B}.Debug|iPhoneSimulator.ActiveCfg = Debug|Any CPU
		{3E45E995-12D6-417F-B71A-CD81DAC9F02B}.Debug|iPhoneSimulator.Build.0 = Debug|Any CPU
		{3E45E995-12D6-417F-B71A-CD81DAC9F02B}.Debug|iPhoneSimulator.Deploy.0 = Debug|Any CPU
		{3E45E995-12D6-417F-B71A-CD81DAC9F02B}.Release|Any CPU.ActiveCfg = Release|Any CPU
		{3E45E995-12D6-417F-B71A-CD81DAC9F02B}.Release|Any CPU.Build.0 = Release|Any CPU
		{3E45E995-12D6-417F-B71A-CD81DAC9F02B}.Release|Any CPU.Deploy.0 = Release|Any CPU
		{3E45E995-12D6-417F-B71A-CD81DAC9F02B}.Release|iPhone.ActiveCfg = Release|Any CPU
		{3E45E995-12D6-417F-B71A-CD81DAC9F02B}.Release|iPhone.Build.0 = Release|Any CPU
		{3E45E995-12D6-417F-B71A-CD81DAC9F02B}.Release|iPhone.Deploy.0 = Release|Any CPU
		{3E45E995-12D6-417F-B71A-CD81DAC9F02B}.Release|iPhoneSimulator.ActiveCfg = Release|Any CPU
		{3E45E995-12D6-417F-B71A-CD81DAC9F02B}.Release|iPhoneSimulator.Build.0 = Release|Any CPU
		{3E45E995-12D6-417F-B71A-CD81DAC9F02B}.Release|iPhoneSimulator.Deploy.0 = Release|Any CPU
		{1C92CBB1-3E06-4584-9EEC-48CE6984CFC1}.Debug|Any CPU.ActiveCfg = Debug|iPhone
		{1C92CBB1-3E06-4584-9EEC-48CE6984CFC1}.Debug|Any CPU.Build.0 = Debug|iPhone
		{1C92CBB1-3E06-4584-9EEC-48CE6984CFC1}.Debug|Any CPU.Deploy.0 = Debug|iPhone
		{1C92CBB1-3E06-4584-9EEC-48CE6984CFC1}.Debug|iPhone.ActiveCfg = Debug|iPhone
		{1C92CBB1-3E06-4584-9EEC-48CE6984CFC1}.Debug|iPhone.Build.0 = Debug|iPhone
		{1C92CBB1-3E06-4584-9EEC-48CE6984CFC1}.Debug|iPhone.Deploy.0 = Debug|iPhone
		{1C92CBB1-3E06-4584-9EEC-48CE6984CFC1}.Debug|iPhoneSimulator.ActiveCfg = Debug|iPhoneSimulator
		{1C92CBB1-3E06-4584-9EEC-48CE6984CFC1}.Debug|iPhoneSimulator.Build.0 = Debug|iPhoneSimulator
		{1C92CBB1-3E06-4584-9EEC-48CE6984CFC1}.Debug|iPhoneSimulator.Deploy.0 = Debug|iPhoneSimulator
		{1C92CBB1-3E06-4584-9EEC-48CE6984CFC1}.Release|Any CPU.ActiveCfg = Release|iPhone
		{1C92CBB1-3E06-4584-9EEC-48CE6984CFC1}.Release|Any CPU.Build.0 = Release|iPhone
		{1C92CBB1-3E06-4584-9EEC-48CE6984CFC1}.Release|Any CPU.Deploy.0 = Release|iPhone
		{1C92CBB1-3E06-4584-9EEC-48CE6984CFC1}.Release|iPhone.ActiveCfg = Release|iPhone
		{1C92CBB1-3E06-4584-9EEC-48CE6984CFC1}.Release|iPhone.Build.0 = Release|iPhone
		{1C92CBB1-3E06-4584-9EEC-48CE6984CFC1}.Release|iPhone.Deploy.0 = Release|iPhone
		{1C92CBB1-3E06-4584-9EEC-48CE6984CFC1}.Release|iPhoneSimulator.ActiveCfg = Release|iPhoneSimulator
		{1C92CBB1-3E06-4584-9EEC-48CE6984CFC1}.Release|iPhoneSimulator.Build.0 = Release|iPhoneSimulator
		{1C92CBB1-3E06-4584-9EEC-48CE6984CFC1}.Release|iPhoneSimulator.Deploy.0 = Release|iPhoneSimulator
		{B1545C71-1C24-44E8-9A64-34A24EBE4C0C}.Debug|Any CPU.ActiveCfg = Debug|Any CPU
		{B1545C71-1C24-44E8-9A64-34A24EBE4C0C}.Debug|Any CPU.Build.0 = Debug|Any CPU
		{B1545C71-1C24-44E8-9A64-34A24EBE4C0C}.Debug|Any CPU.Deploy.0 = Debug|Any CPU
		{B1545C71-1C24-44E8-9A64-34A24EBE4C0C}.Debug|iPhone.ActiveCfg = Debug|Any CPU
		{B1545C71-1C24-44E8-9A64-34A24EBE4C0C}.Debug|iPhone.Build.0 = Debug|Any CPU
		{B1545C71-1C24-44E8-9A64-34A24EBE4C0C}.Debug|iPhone.Deploy.0 = Debug|Any CPU
		{B1545C71-1C24-44E8-9A64-34A24EBE4C0C}.Debug|iPhoneSimulator.ActiveCfg = Debug|Any CPU
		{B1545C71-1C24-44E8-9A64-34A24EBE4C0C}.Debug|iPhoneSimulator.Build.0 = Debug|Any CPU
		{B1545C71-1C24-44E8-9A64-34A24EBE4C0C}.Debug|iPhoneSimulator.Deploy.0 = Debug|Any CPU
		{B1545C71-1C24-44E8-9A64-34A24EBE4C0C}.Release|Any CPU.ActiveCfg = Release|Any CPU
		{B1545C71-1C24-44E8-9A64-34A24EBE4C0C}.Release|Any CPU.Build.0 = Release|Any CPU
		{B1545C71-1C24-44E8-9A64-34A24EBE4C0C}.Release|Any CPU.Deploy.0 = Release|Any CPU
		{B1545C71-1C24-44E8-9A64-34A24EBE4C0C}.Release|iPhone.ActiveCfg = Release|Any CPU
		{B1545C71-1C24-44E8-9A64-34A24EBE4C0C}.Release|iPhone.Build.0 = Release|Any CPU
		{B1545C71-1C24-44E8-9A64-34A24EBE4C0C}.Release|iPhone.Deploy.0 = Release|Any CPU
		{B1545C71-1C24-44E8-9A64-34A24EBE4C0C}.Release|iPhoneSimulator.ActiveCfg = Release|Any CPU
		{B1545C71-1C24-44E8-9A64-34A24EBE4C0C}.Release|iPhoneSimulator.Build.0 = Release|Any CPU
		{B1545C71-1C24-44E8-9A64-34A24EBE4C0C}.Release|iPhoneSimulator.Deploy.0 = Release|Any CPU
	EndGlobalSection
	GlobalSection(SolutionProperties) = preSolution
		HideSolutionNode = FALSE
	EndGlobalSection
	GlobalSection(ExtensibilityGlobals) = postSolution
		SolutionGuid = {1E8EA010-D270-4280-90AC-011C5EC0E493}
	EndGlobalSection
EndGlobal
